
Microsoft Visual Studio Solution File, Format Version 12.00
# Visual Studio 15
Project("{FAE04EC0-301F-11D3-BF4B-00C04F79EFBC}") = "LeaderEdu", "LeaderEdu\LeaderEdu.csproj", "{1182D107-A622-4150-AC38-9D5A025E02AA}"
EndProject
Global
	GlobalSection(SolutionConfigurationPlatforms) = preSolution
		Debug|Any CPU = Debug|Any CPU
		Release|Any CPU = Release|Any CPU
	EndGlobalSection
	GlobalSection(ProjectConfigurationPlatforms) = postSolution
		{1182D107-A622-4150-AC38-9D5A025E02AA}.Debug|Any CPU.ActiveCfg = Debug|Any CPU
		{1182D107-A622-4150-AC38-9D5A025E02AA}.Debug|Any CPU.Build.0 = Debug|Any CPU
		{1182D107-A622-4150-AC38-9D5A025E02AA}.Release|Any CPU.ActiveCfg = Release|Any CPU
		{1182D107-A622-4150-AC38-9D5A025E02AA}.Release|Any CPU.Build.0 = Release|Any CPU
	EndGlobalSection
EndGlobal
